{
  "originHash" : "a8cbc40f3c735dd471c0ef36207ce6b3def8826f9827a91f535a5f90d2f2765e",
  "pins" : [
    {
      "identity" : "asyncify",
      "kind" : "remoteSourceControl",
      "location" : "https://github.com/mesqueeb/Asyncify",
      "state" : {
        "revision" : "9c8485cfb81584820f941269fa277b9e18bb38ad",
        "version" : "0.0.9"
      }
    }
  ],
  "version" : 3
}
