{
  "originHash" : "11f3cb4d06cdf6527f621faff81dfd30dd9c685a67f4ad8e8da98ea026b74deb",
  "pins" : [
    {
      "identity" : "asyncify",
      "kind" : "remoteSourceControl",
      "location" : "https://github.com/mesqueeb/Asyncify",
      "state" : {
        "revision" : "b02d87e4b37674ebb446a828943f4c280adeb137",
        "version" : "0.0.4"
      }
    }
  ],
  "version" : 3
}
