{
  "originHash" : "1b95952804b23b67c2ddfb99a99c92f7003eb046761330f297c89ed565363bf9",
  "pins" : [
    {
      "identity" : "asyncify",
      "kind" : "remoteSourceControl",
      "location" : "https://github.com/mesqueeb/Asyncify.git",
      "state" : {
        "revision" : "9c8485cfb81584820f941269fa277b9e18bb38ad",
        "version" : "0.0.9"
      }
    }
  ],
  "version" : 3
}
