{
  "originHash" : "b6289c14bde4346d59ed1e50e7538338b18712cce59bdaf84425d34f14fdc208",
  "pins" : [
    {
      "identity" : "asyncify",
      "kind" : "remoteSourceControl",
      "location" : "https://github.com/mesqueeb/Asyncify",
      "state" : {
        "revision" : "a49fd70d38e7d39fc97dfb0f1421df4d4522f58d",
        "version" : "0.0.8"
      }
    }
  ],
  "version" : 3
}
