{
  "originHash" : "d65e10798e782acda418d5b3649eaf5e7f7fcfc7cb7b90b93068916c2d2681a6",
  "pins" : [
    {
      "identity" : "asyncify",
      "kind" : "remoteSourceControl",
      "location" : "https://github.com/mesqueeb/Asyncify",
      "state" : {
        "revision" : "9c8485cfb81584820f941269fa277b9e18bb38ad",
        "version" : "0.0.9"
      }
    }
  ],
  "version" : 3
}
